
Microsoft Visual Studio Solution File, Format Version 12.00
# Visual Studio 15
VisualStudioVersion = 15.0.28010.2026
MinimumVisualStudioVersion = 10.0.40219.1
Project("{FAE04EC0-301F-11D3-BF4B-00C04F79EFBC}") = "CloudApiVietnam", "CloudApiVietnam\CloudApiVietnam.csproj", "{D86291B4-39AC-4CAB-84A7-FC6C4502DD10}"
EndProject
Project("{FAE04EC0-301F-11D3-BF4B-00C04F79EFBC}") = "CloudApiVietnam.Tests", "CloudApiVietnam.Tests\CloudApiVietnam.Tests.csproj", "{8FFF6A60-EE25-481F-89A0-ED52108D45E4}"
EndProject
Global
	GlobalSection(SolutionConfigurationPlatforms) = preSolution
		Debug|Any CPU = Debug|Any CPU
		Release|Any CPU = Release|Any CPU
	EndGlobalSection
	GlobalSection(ProjectConfigurationPlatforms) = postSolution
		{D86291B4-39AC-4CAB-84A7-FC6C4502DD10}.Debug|Any CPU.ActiveCfg = Debug|Any CPU
		{D86291B4-39AC-4CAB-84A7-FC6C4502DD10}.Debug|Any CPU.Build.0 = Debug|Any CPU
		{D86291B4-39AC-4CAB-84A7-FC6C4502DD10}.Release|Any CPU.ActiveCfg = Release|Any CPU
		{D86291B4-39AC-4CAB-84A7-FC6C4502DD10}.Release|Any CPU.Build.0 = Release|Any CPU
		{8FFF6A60-EE25-481F-89A0-ED52108D45E4}.Debug|Any CPU.ActiveCfg = Debug|Any CPU
		{8FFF6A60-EE25-481F-89A0-ED52108D45E4}.Debug|Any CPU.Build.0 = Debug|Any CPU
		{8FFF6A60-EE25-481F-89A0-ED52108D45E4}.Release|Any CPU.ActiveCfg = Release|Any CPU
		{8FFF6A60-EE25-481F-89A0-ED52108D45E4}.Release|Any CPU.Build.0 = Release|Any CPU
	EndGlobalSection
	GlobalSection(SolutionProperties) = preSolution
		HideSolutionNode = FALSE
	EndGlobalSection
	GlobalSection(ExtensibilityGlobals) = postSolution
		SolutionGuid = {377F3D9C-1B51-4BF6-97C6-AEC20DDD19E7}
	EndGlobalSection
EndGlobal
